<?xml version="1.0" encoding="UTF-8"?>
<Solution>
	<Configurations>
		<BuildType Name="Debug"/>
		<BuildType Name="Release"/>
		<BuildType Name="MinSizeRel"/>
		<BuildType Name="RelWithDebInfo"/>
		<Platform Name="x64"/>
	</Configurations>
	<Project Path="isaac.vcxproj" Type="8bc9ceb8-8b4a-11d0-8d11-00a0c91bc942" Id="f6749612-faab-391b-8615-49378ef90cd9">
		<BuildDependency Project="_deps/flac-build/src/libFLAC/FLAC.vcxproj"/>
		<BuildDependency Project="ZERO_CHECK.vcxproj"/>
		<BuildDependency Project="_deps/freetype-build/freetype.vcxproj"/>
		<BuildDependency Project="_deps/ogg-build/ogg.vcxproj"/>
		<BuildDependency Project="_deps/sfml-build/src/SFML/Audio/sfml-audio.vcxproj"/>
		<BuildDependency Project="_deps/sfml-build/src/SFML/Graphics/sfml-graphics.vcxproj"/>
		<BuildDependency Project="_deps/sfml-build/src/SFML/System/sfml-system.vcxproj"/>
		<BuildDependency Project="_deps/sfml-build/src/SFML/Window/sfml-window.vcxproj"/>
		<BuildDependency Project="_deps/vorbis-build/lib/vorbis.vcxproj"/>
		<BuildDependency Project="_deps/vorbis-build/lib/vorbisenc.vcxproj"/>
		<BuildDependency Project="_deps/vorbis-build/lib/vorbisfile.vcxproj"/>
	</Project>
	<Folder Name="/CMake/">
		<Project Path="ALL_BUILD.vcxproj" Type="8bc9ceb8-8b4a-11d0-8d11-00a0c91bc942" Id="a7642032-f020-3e8c-a8f9-6756635ca755" DefaultStartup="true">
			<BuildDependency Project="_deps/flac-build/src/libFLAC/FLAC.vcxproj"/>
			<BuildDependency Project="ZERO_CHECK.vcxproj"/>
			<BuildDependency Project="_deps/freetype-build/freetype.vcxproj"/>
			<BuildDependency Project="isaac.vcxproj"/>
			<BuildDependency Project="_deps/ogg-build/ogg.vcxproj"/>
			<BuildDependency Project="_deps/sfml-build/src/SFML/Audio/sfml-audio.vcxproj"/>
			<BuildDependency Project="_deps/sfml-build/src/SFML/Graphics/sfml-graphics.vcxproj"/>
			<BuildDependency Project="_deps/sfml-build/src/SFML/Main/sfml-main.vcxproj"/>
			<BuildDependency Project="_deps/sfml-build/src/SFML/Network/sfml-network.vcxproj"/>
			<BuildDependency Project="_deps/sfml-build/src/SFML/System/sfml-system.vcxproj"/>
			<BuildDependency Project="_deps/sfml-build/src/SFML/Window/sfml-window.vcxproj"/>
			<BuildDependency Project="_deps/vorbis-build/lib/vorbis.vcxproj"/>
			<BuildDependency Project="_deps/vorbis-build/lib/vorbisenc.vcxproj"/>
			<BuildDependency Project="_deps/vorbis-build/lib/vorbisfile.vcxproj"/>
		</Project>
		<Project Path="INSTALL.vcxproj" Type="8bc9ceb8-8b4a-11d0-8d11-00a0c91bc942" Id="4b04a2fd-11ef-34b3-b9ce-3deb2a5dee31">
			<BuildDependency Project="ALL_BUILD.vcxproj"/>
			<BuildDependency Project="ZERO_CHECK.vcxproj"/>
			<Build Solution="Debug|*" Project="false"/>
			<Build Solution="Release|*" Project="false"/>
			<Build Solution="MinSizeRel|*" Project="false"/>
			<Build Solution="RelWithDebInfo|*" Project="false"/>
		</Project>
		<Project Path="PACKAGE.vcxproj" Type="8bc9ceb8-8b4a-11d0-8d11-00a0c91bc942" Id="221c7d95-c958-3559-b2ca-cb583c06c905">
			<BuildDependency Project="ALL_BUILD.vcxproj"/>
			<BuildDependency Project="ZERO_CHECK.vcxproj"/>
			<Build Solution="Debug|*" Project="false"/>
			<Build Solution="Release|*" Project="false"/>
			<Build Solution="MinSizeRel|*" Project="false"/>
			<Build Solution="RelWithDebInfo|*" Project="false"/>
		</Project>
		<Project Path="ZERO_CHECK.vcxproj" Type="8bc9ceb8-8b4a-11d0-8d11-00a0c91bc942" Id="f168458a-f8d5-3588-a9b2-dda365a5e7b2"/>
	</Folder>
	<Folder Name="/Dependencies/">
		<Project Path="_deps/flac-build/src/libFLAC/FLAC.vcxproj" Type="8bc9ceb8-8b4a-11d0-8d11-00a0c91bc942" Id="8fd7011a-0058-34c3-a034-ab1addcf7f19">
			<BuildDependency Project="ZERO_CHECK.vcxproj"/>
			<BuildDependency Project="_deps/ogg-build/ogg.vcxproj"/>
		</Project>
		<Project Path="_deps/freetype-build/freetype.vcxproj" Type="8bc9ceb8-8b4a-11d0-8d11-00a0c91bc942" Id="81e3f776-98b4-3aab-9139-3d2d75ba08d4">
			<BuildDependency Project="ZERO_CHECK.vcxproj"/>
		</Project>
		<Project Path="_deps/ogg-build/ogg.vcxproj" Type="8bc9ceb8-8b4a-11d0-8d11-00a0c91bc942" Id="e503c214-8e73-35a3-9afd-19040d59229d">
			<BuildDependency Project="ZERO_CHECK.vcxproj"/>
		</Project>
		<Project Path="_deps/vorbis-build/lib/vorbis.vcxproj" Type="8bc9ceb8-8b4a-11d0-8d11-00a0c91bc942" Id="9dc49cd7-c828-36d0-bef4-4f6a79501df2">
			<BuildDependency Project="ZERO_CHECK.vcxproj"/>
			<BuildDependency Project="_deps/ogg-build/ogg.vcxproj"/>
		</Project>
		<Project Path="_deps/vorbis-build/lib/vorbisenc.vcxproj" Type="8bc9ceb8-8b4a-11d0-8d11-00a0c91bc942" Id="e7fe5755-835d-3ce6-927b-92883e55d01c">
			<BuildDependency Project="ZERO_CHECK.vcxproj"/>
			<BuildDependency Project="_deps/ogg-build/ogg.vcxproj"/>
			<BuildDependency Project="_deps/vorbis-build/lib/vorbis.vcxproj"/>
		</Project>
		<Project Path="_deps/vorbis-build/lib/vorbisfile.vcxproj" Type="8bc9ceb8-8b4a-11d0-8d11-00a0c91bc942" Id="cd83018b-6651-350c-92a8-8e2377b34e18">
			<BuildDependency Project="ZERO_CHECK.vcxproj"/>
			<BuildDependency Project="_deps/ogg-build/ogg.vcxproj"/>
			<BuildDependency Project="_deps/vorbis-build/lib/vorbis.vcxproj"/>
		</Project>
	</Folder>
	<Folder Name="/SFML/">
		<Project Path="_deps/sfml-build/src/SFML/Audio/sfml-audio.vcxproj" Type="8bc9ceb8-8b4a-11d0-8d11-00a0c91bc942" Id="888f067a-2e66-3914-a406-ff5924b46778">
			<BuildDependency Project="_deps/flac-build/src/libFLAC/FLAC.vcxproj"/>
			<BuildDependency Project="ZERO_CHECK.vcxproj"/>
			<BuildDependency Project="_deps/ogg-build/ogg.vcxproj"/>
			<BuildDependency Project="_deps/sfml-build/src/SFML/System/sfml-system.vcxproj"/>
			<BuildDependency Project="_deps/vorbis-build/lib/vorbis.vcxproj"/>
			<BuildDependency Project="_deps/vorbis-build/lib/vorbisenc.vcxproj"/>
			<BuildDependency Project="_deps/vorbis-build/lib/vorbisfile.vcxproj"/>
		</Project>
		<Project Path="_deps/sfml-build/src/SFML/Graphics/sfml-graphics.vcxproj" Type="8bc9ceb8-8b4a-11d0-8d11-00a0c91bc942" Id="aafd3c45-90e1-3acb-82c9-5e38c460e1de">
			<BuildDependency Project="ZERO_CHECK.vcxproj"/>
			<BuildDependency Project="_deps/freetype-build/freetype.vcxproj"/>
			<BuildDependency Project="_deps/sfml-build/src/SFML/System/sfml-system.vcxproj"/>
			<BuildDependency Project="_deps/sfml-build/src/SFML/Window/sfml-window.vcxproj"/>
		</Project>
		<Project Path="_deps/sfml-build/src/SFML/Main/sfml-main.vcxproj" Type="8bc9ceb8-8b4a-11d0-8d11-00a0c91bc942" Id="b79c6449-d2d8-3bcd-8866-7077b9367e14">
			<BuildDependency Project="ZERO_CHECK.vcxproj"/>
		</Project>
		<Project Path="_deps/sfml-build/src/SFML/Network/sfml-network.vcxproj" Type="8bc9ceb8-8b4a-11d0-8d11-00a0c91bc942" Id="60d81bd9-05d0-36d6-a3db-7c7b5fe9757b">
			<BuildDependency Project="ZERO_CHECK.vcxproj"/>
			<BuildDependency Project="_deps/sfml-build/src/SFML/System/sfml-system.vcxproj"/>
		</Project>
		<Project Path="_deps/sfml-build/src/SFML/System/sfml-system.vcxproj" Type="8bc9ceb8-8b4a-11d0-8d11-00a0c91bc942" Id="f9f6e501-319a-3129-9426-d295c77745b7">
			<BuildDependency Project="ZERO_CHECK.vcxproj"/>
		</Project>
		<Project Path="_deps/sfml-build/src/SFML/Window/sfml-window.vcxproj" Type="8bc9ceb8-8b4a-11d0-8d11-00a0c91bc942" Id="376b58c9-25ed-3a81-b9a4-a1c75ee23305">
			<BuildDependency Project="ZERO_CHECK.vcxproj"/>
			<BuildDependency Project="_deps/sfml-build/src/SFML/System/sfml-system.vcxproj"/>
		</Project>
	</Folder>
</Solution>
